
Microsoft Visual Studio Solution File, Format Version 12.00
# Visual Studio 15
VisualStudioVersion = 15.0.28307.572
MinimumVisualStudioVersion = 10.0.40219.1
Project("{FAE04EC0-301F-11D3-BF4B-00C04F79EFBC}") = "Task10", "Task10\Task10.csproj", "{74AB47D6-17DE-47B0-AEAC-105D6CCCC2D1}"
EndProject
Project("{FAE04EC0-301F-11D3-BF4B-00C04F79EFBC}") = "Task11", "Task11\Task11.csproj", "{934B267F-2814-47AB-8743-E5A2B2EBF881}"
EndProject
Project("{FAE04EC0-301F-11D3-BF4B-00C04F79EFBC}") = "Task12", "Task12\Task12.csproj", "{ADBD6AC7-BB72-42C4-ACDA-7E86D9A8996B}"
EndProject
Project("{FAE04EC0-301F-11D3-BF4B-00C04F79EFBC}") = "Task13", "Task13\Task13.csproj", "{8EABC856-2CB3-405E-8F8E-4A435E8D6FAA}"
EndProject
Global
	GlobalSection(SolutionConfigurationPlatforms) = preSolution
		Debug|Any CPU = Debug|Any CPU
		Release|Any CPU = Release|Any CPU
	EndGlobalSection
	GlobalSection(ProjectConfigurationPlatforms) = postSolution
		{74AB47D6-17DE-47B0-AEAC-105D6CCCC2D1}.Debug|Any CPU.ActiveCfg = Debug|Any CPU
		{74AB47D6-17DE-47B0-AEAC-105D6CCCC2D1}.Debug|Any CPU.Build.0 = Debug|Any CPU
		{74AB47D6-17DE-47B0-AEAC-105D6CCCC2D1}.Release|Any CPU.ActiveCfg = Release|Any CPU
		{74AB47D6-17DE-47B0-AEAC-105D6CCCC2D1}.Release|Any CPU.Build.0 = Release|Any CPU
		{934B267F-2814-47AB-8743-E5A2B2EBF881}.Debug|Any CPU.ActiveCfg = Debug|Any CPU
		{934B267F-2814-47AB-8743-E5A2B2EBF881}.Debug|Any CPU.Build.0 = Debug|Any CPU
		{934B267F-2814-47AB-8743-E5A2B2EBF881}.Release|Any CPU.ActiveCfg = Release|Any CPU
		{934B267F-2814-47AB-8743-E5A2B2EBF881}.Release|Any CPU.Build.0 = Release|Any CPU
		{ADBD6AC7-BB72-42C4-ACDA-7E86D9A8996B}.Debug|Any CPU.ActiveCfg = Debug|Any CPU
		{ADBD6AC7-BB72-42C4-ACDA-7E86D9A8996B}.Debug|Any CPU.Build.0 = Debug|Any CPU
		{ADBD6AC7-BB72-42C4-ACDA-7E86D9A8996B}.Release|Any CPU.ActiveCfg = Release|Any CPU
		{ADBD6AC7-BB72-42C4-ACDA-7E86D9A8996B}.Release|Any CPU.Build.0 = Release|Any CPU
		{8EABC856-2CB3-405E-8F8E-4A435E8D6FAA}.Debug|Any CPU.ActiveCfg = Debug|Any CPU
		{8EABC856-2CB3-405E-8F8E-4A435E8D6FAA}.Debug|Any CPU.Build.0 = Debug|Any CPU
		{8EABC856-2CB3-405E-8F8E-4A435E8D6FAA}.Release|Any CPU.ActiveCfg = Release|Any CPU
		{8EABC856-2CB3-405E-8F8E-4A435E8D6FAA}.Release|Any CPU.Build.0 = Release|Any CPU
	EndGlobalSection
	GlobalSection(SolutionProperties) = preSolution
		HideSolutionNode = FALSE
	EndGlobalSection
	GlobalSection(ExtensibilityGlobals) = postSolution
		SolutionGuid = {DE7D355D-A6C0-4942-A946-880840F47ADB}
	EndGlobalSection
EndGlobal
